
Microsoft Visual Studio Solution File, Format Version 12.00
# Visual Studio Version 17
Project("{8BC9CEB8-8B4A-11D0-8D11-00A0C91BC942}") = "ALL_BUILD", "ALL_BUILD.vcxproj", "{AADFC2C1-CD4A-3FBA-ADEB-E5528D543EEC}"
	ProjectSection(ProjectDependencies) = postProject
		{B86018ED-9D3A-350F-BA63-84B8E21389C3} = {B86018ED-9D3A-350F-BA63-84B8E21389C3}
		{0FCCE14B-CF87-398A-988B-D941F72188C1} = {0FCCE14B-CF87-398A-988B-D941F72188C1}
	EndProjectSection
EndProject
Project("{8BC9CEB8-8B4A-11D0-8D11-00A0C91BC942}") = "RoomReservation", "RoomReservation.vcxproj", "{B86018ED-9D3A-350F-BA63-84B8E21389C3}"
	ProjectSection(ProjectDependencies) = postProject
		{0FCCE14B-CF87-398A-988B-D941F72188C1} = {0FCCE14B-CF87-398A-988B-D941F72188C1}
	EndProjectSection
EndProject
Project("{8BC9CEB8-8B4A-11D0-8D11-00A0C91BC942}") = "ZERO_CHECK", "ZERO_CHECK.vcxproj", "{0FCCE14B-CF87-398A-988B-D941F72188C1}"
	ProjectSection(ProjectDependencies) = postProject
	EndProjectSection
EndProject
Global
	GlobalSection(SolutionConfigurationPlatforms) = preSolution
		Debug|x64 = Debug|x64
		Release|x64 = Release|x64
		MinSizeRel|x64 = MinSizeRel|x64
		RelWithDebInfo|x64 = RelWithDebInfo|x64
	EndGlobalSection
	GlobalSection(ProjectConfigurationPlatforms) = postSolution
		{AADFC2C1-CD4A-3FBA-ADEB-E5528D543EEC}.Debug|x64.ActiveCfg = Debug|x64
		{AADFC2C1-CD4A-3FBA-ADEB-E5528D543EEC}.Release|x64.ActiveCfg = Release|x64
		{AADFC2C1-CD4A-3FBA-ADEB-E5528D543EEC}.MinSizeRel|x64.ActiveCfg = MinSizeRel|x64
		{AADFC2C1-CD4A-3FBA-ADEB-E5528D543EEC}.RelWithDebInfo|x64.ActiveCfg = RelWithDebInfo|x64
		{B86018ED-9D3A-350F-BA63-84B8E21389C3}.Debug|x64.ActiveCfg = Debug|x64
		{B86018ED-9D3A-350F-BA63-84B8E21389C3}.Debug|x64.Build.0 = Debug|x64
		{B86018ED-9D3A-350F-BA63-84B8E21389C3}.Release|x64.ActiveCfg = Release|x64
		{B86018ED-9D3A-350F-BA63-84B8E21389C3}.Release|x64.Build.0 = Release|x64
		{B86018ED-9D3A-350F-BA63-84B8E21389C3}.MinSizeRel|x64.ActiveCfg = MinSizeRel|x64
		{B86018ED-9D3A-350F-BA63-84B8E21389C3}.MinSizeRel|x64.Build.0 = MinSizeRel|x64
		{B86018ED-9D3A-350F-BA63-84B8E21389C3}.RelWithDebInfo|x64.ActiveCfg = RelWithDebInfo|x64
		{B86018ED-9D3A-350F-BA63-84B8E21389C3}.RelWithDebInfo|x64.Build.0 = RelWithDebInfo|x64
		{0FCCE14B-CF87-398A-988B-D941F72188C1}.Debug|x64.ActiveCfg = Debug|x64
		{0FCCE14B-CF87-398A-988B-D941F72188C1}.Debug|x64.Build.0 = Debug|x64
		{0FCCE14B-CF87-398A-988B-D941F72188C1}.Release|x64.ActiveCfg = Release|x64
		{0FCCE14B-CF87-398A-988B-D941F72188C1}.Release|x64.Build.0 = Release|x64
		{0FCCE14B-CF87-398A-988B-D941F72188C1}.MinSizeRel|x64.ActiveCfg = MinSizeRel|x64
		{0FCCE14B-CF87-398A-988B-D941F72188C1}.MinSizeRel|x64.Build.0 = MinSizeRel|x64
		{0FCCE14B-CF87-398A-988B-D941F72188C1}.RelWithDebInfo|x64.ActiveCfg = RelWithDebInfo|x64
		{0FCCE14B-CF87-398A-988B-D941F72188C1}.RelWithDebInfo|x64.Build.0 = RelWithDebInfo|x64
	EndGlobalSection
	GlobalSection(ExtensibilityGlobals) = postSolution
		SolutionGuid = {5E785173-F400-395D-A05F-2A42DD6FC3D6}
	EndGlobalSection
	GlobalSection(ExtensibilityAddIns) = postSolution
	EndGlobalSection
EndGlobal
